
Microsoft Visual Studio Solution File, Format Version 12.00
# Visual Studio Version 17
VisualStudioVersion = 17.11.35312.102
MinimumVisualStudioVersion = 10.0.40219.1
Project("{9A19103F-16F7-4668-BE54-9A1E7A4F7556}") = "DenizWinforms", "DenizWinforms\DenizWinforms.csproj", "{AA0E0FFA-B5A9-46EA-B2FC-62F8C619D0A2}"
EndProject
Project("{FAE04EC0-301F-11D3-BF4B-00C04F79EFBC}") = "TinyMiny", "TinyMiny\TinyMiny.csproj", "{4952F14B-8A4D-4346-920E-ED1C47E8F5EB}"
EndProject
Global
	GlobalSection(SolutionConfigurationPlatforms) = preSolution
		Debug|Any CPU = Debug|Any CPU
		Release|Any CPU = Release|Any CPU
	EndGlobalSection
	GlobalSection(ProjectConfigurationPlatforms) = postSolution
		{AA0E0FFA-B5A9-46EA-B2FC-62F8C619D0A2}.Debug|Any CPU.ActiveCfg = Debug|Any CPU
		{AA0E0FFA-B5A9-46EA-B2FC-62F8C619D0A2}.Debug|Any CPU.Build.0 = Debug|Any CPU
		{AA0E0FFA-B5A9-46EA-B2FC-62F8C619D0A2}.Release|Any CPU.ActiveCfg = Release|Any CPU
		{AA0E0FFA-B5A9-46EA-B2FC-62F8C619D0A2}.Release|Any CPU.Build.0 = Release|Any CPU
		{4952F14B-8A4D-4346-920E-ED1C47E8F5EB}.Debug|Any CPU.ActiveCfg = Debug|Any CPU
		{4952F14B-8A4D-4346-920E-ED1C47E8F5EB}.Debug|Any CPU.Build.0 = Debug|Any CPU
		{4952F14B-8A4D-4346-920E-ED1C47E8F5EB}.Release|Any CPU.ActiveCfg = Release|Any CPU
		{4952F14B-8A4D-4346-920E-ED1C47E8F5EB}.Release|Any CPU.Build.0 = Release|Any CPU
	EndGlobalSection
	GlobalSection(SolutionProperties) = preSolution
		HideSolutionNode = FALSE
	EndGlobalSection
	GlobalSection(ExtensibilityGlobals) = postSolution
		SolutionGuid = {9D20CE51-7D7E-4F6C-BDA3-A8542C1CE45E}
	EndGlobalSection
EndGlobal
